
Microsoft Visual Studio Solution File, Format Version 12.00
# Visual Studio Version 16
VisualStudioVersion = 16.0.30523.141
MinimumVisualStudioVersion = 10.0.40219.1
Project("{9A19103F-16F7-4668-BE54-9A1E7A4F7556}") = "TaskManager", "TaskManager\TaskManager.csproj", "{EFAF1B27-7566-4FE9-966D-CCF8863DA6DD}"
EndProject
Global
	GlobalSection(SolutionConfigurationPlatforms) = preSolution
		Debug|Any CPU = Debug|Any CPU
		Release|Any CPU = Release|Any CPU
	EndGlobalSection
	GlobalSection(ProjectConfigurationPlatforms) = postSolution
		{EFAF1B27-7566-4FE9-966D-CCF8863DA6DD}.Debug|Any CPU.ActiveCfg = Debug|Any CPU
		{EFAF1B27-7566-4FE9-966D-CCF8863DA6DD}.Debug|Any CPU.Build.0 = Debug|Any CPU
		{EFAF1B27-7566-4FE9-966D-CCF8863DA6DD}.Release|Any CPU.ActiveCfg = Release|Any CPU
		{EFAF1B27-7566-4FE9-966D-CCF8863DA6DD}.Release|Any CPU.Build.0 = Release|Any CPU
	EndGlobalSection
	GlobalSection(SolutionProperties) = preSolution
		HideSolutionNode = FALSE
	EndGlobalSection
	GlobalSection(ExtensibilityGlobals) = postSolution
		SolutionGuid = {CC69C33C-0905-468F-9796-B4E7ABF57D8E}
	EndGlobalSection
EndGlobal
